
Microsoft Visual Studio Solution File, Format Version 12.00
# Visual Studio Version 17
VisualStudioVersion = 17.11.35208.52
MinimumVisualStudioVersion = 10.0.40219.1
Project("{FAE04EC0-301F-11D3-BF4B-00C04F79EFBC}") = "routing", "udemy_aspnetcore6\routing.csproj", "{3B159927-330B-402A-B9AC-185EB3F08BD2}"
EndProject
Global
	GlobalSection(SolutionConfigurationPlatforms) = preSolution
		Debug|Any CPU = Debug|Any CPU
		Release|Any CPU = Release|Any CPU
	EndGlobalSection
	GlobalSection(ProjectConfigurationPlatforms) = postSolution
		{3B159927-330B-402A-B9AC-185EB3F08BD2}.Debug|Any CPU.ActiveCfg = Debug|Any CPU
		{3B159927-330B-402A-B9AC-185EB3F08BD2}.Debug|Any CPU.Build.0 = Debug|Any CPU
		{3B159927-330B-402A-B9AC-185EB3F08BD2}.Release|Any CPU.ActiveCfg = Release|Any CPU
		{3B159927-330B-402A-B9AC-185EB3F08BD2}.Release|Any CPU.Build.0 = Release|Any CPU
	EndGlobalSection
	GlobalSection(SolutionProperties) = preSolution
		HideSolutionNode = FALSE
	EndGlobalSection
	GlobalSection(ExtensibilityGlobals) = postSolution
		SolutionGuid = {275396C7-D4D0-4C34-9C04-1494EA9F2A9E}
	EndGlobalSection
EndGlobal
